// !$*UTF8*$!
{
	archiveVersion = 1;
	classes = {
	};
	objectVersion = 50;
	objects = {

/* Begin PBXBuildFile section */
		AA61AE0B277EBE040041A015 /* slots_game_swiftuiApp.swift in Sources */ = {isa = PBXBuildFile; fileRef = AA61AE0A277EBE040041A015 /* slots_game_swiftuiApp.swift */; };
		AA61AE0D277EBE040041A015 /* ContentView.swift in Sources */ = {isa = PBXBuildFile; fileRef = AA61AE0C277EBE040041A015 /* ContentView.swift */; };
		AA61AE0F277EBE050041A015 /* Assets.xcassets in Resources */ = {isa = PBXBuildFile; fileRef = AA61AE0E277EBE050041A015 /* Assets.xcassets */; };
		AA61AE12277EBE050041A015 /* Preview Assets.xcassets in Resources */ = {isa = PBXBuildFile; fileRef = AA61AE11277EBE050041A015 /* Preview Assets.xcassets */; };
		AA61AE1D277EBE050041A015 /* slots_game_swiftuiTests.swift in Sources */ = {isa = PBXBuildFile; fileRef = AA61AE1C277EBE050041A015 /* slots_game_swiftuiTests.swift */; };
		AA61AE28277EBE050041A015 /* slots_game_swiftuiUITests.swift in Sources */ = {isa = PBXBuildFile; fileRef = AA61AE27277EBE050041A015 /* slots_game_swiftuiUITests.swift */; };
/* End PBXBuildFile section */

/* Begin PBXContainerItemProxy section */
		AA61AE19277EBE050041A015 /* PBXContainerItemProxy */ = {
			isa = PBXContainerItemProxy;
			containerPortal = AA61ADFF277EBE040041A015 /* Project object */;
			proxyType = 1;
			remoteGlobalIDString = AA61AE06277EBE040041A015;
			remoteInfo = "slots-game-swiftui";
		};
		AA61AE24277EBE050041A015 /* PBXContainerItemProxy */ = {
			isa = PBXContainerItemProxy;
			containerPortal = AA61ADFF277EBE040041A015 /* Project object */;
			proxyType = 1;
			remoteGlobalIDString = AA61AE06277EBE040041A015;
			remoteInfo = "slots-game-swiftui";
		};
/* End PBXContainerItemProxy section */

/* Begin PBXFileReference section */
		AA61AE07277EBE040041A015 /* slots-game-swiftui.app */ = {isa = PBXFileReference; explicitFileType = wrapper.application; includeInIndex = 0; path = "slots-game-swiftui.app"; sourceTree = BUILT_PRODUCTS_DIR; };
		AA61AE0A277EBE040041A015 /* slots_game_swiftuiApp.swift */ = {isa = PBXFileReference; lastKnownFileType = sourcecode.swift; path = slots_game_swiftuiApp.swift; sourceTree = "<group>"; };
		AA61AE0C277EBE040041A015 /* ContentView.swift */ = {isa = PBXFileReference; lastKnownFileType = sourcecode.swift; path = ContentView.swift; sourceTree = "<group>"; };
		AA61AE0E277EBE050041A015 /* Assets.xcassets */ = {isa = PBXFileReference; lastKnownFileType = folder.assetcatalog; path = Assets.xcassets; sourceTree = "<group>"; };
		AA61AE11277EBE050041A015 /* Preview Assets.xcassets */ = {isa = PBXFileReference; lastKnownFileType = folder.assetcatalog; path = "Preview Assets.xcassets"; sourceTree = "<group>"; };
		AA61AE13277EBE050041A015 /* Info.plist */ = {isa = PBXFileReference; lastKnownFileType = text.plist.xml; path = Info.plist; sourceTree = "<group>"; };
		AA61AE18277EBE050041A015 /* slots-game-swiftuiTests.xctest */ = {isa = PBXFileReference; explicitFileType = wrapper.cfbundle; includeInIndex = 0; path = "slots-game-swiftuiTests.xctest"; sourceTree = BUILT_PRODUCTS_DIR; };
		AA61AE1C277EBE050041A015 /* slots_game_swiftuiTests.swift */ = {isa = PBXFileReference; lastKnownFileType = sourcecode.swift; path = slots_game_swiftuiTests.swift; sourceTree = "<group>"; };
		AA61AE1E277EBE050041A015 /* Info.plist */ = {isa = PBXFileReference; lastKnownFileType = text.plist.xml; path = Info.plist; sourceTree = "<group>"; };
		AA61AE23277EBE050041A015 /* slots-game-swiftuiUITests.xctest */ = {isa = PBXFileReference; explicitFileType = wrapper.cfbundle; includeInIndex = 0; path = "slots-game-swiftuiUITests.xctest"; sourceTree = BUILT_PRODUCTS_DIR; };
		AA61AE27277EBE050041A015 /* slots_game_swiftuiUITests.swift */ = {isa = PBXFileReference; lastKnownFileType = sourcecode.swift; path = slots_game_swiftuiUITests.swift; sourceTree = "<group>"; };
		AA61AE29277EBE050041A015 /* Info.plist */ = {isa = PBXFileReference; lastKnownFileType = text.plist.xml; path = Info.plist; sourceTree = "<group>"; };
/* End PBXFileReference section */

/* Begin PBXFrameworksBuildPhase section */
		AA61AE04277EBE040041A015 /* Frameworks */ = {
			isa = PBXFrameworksBuildPhase;
			buildActionMask = 2147483647;
			files = (
			);
			runOnlyForDeploymentPostprocessing = 0;
		};
		AA61AE15277EBE050041A015 /* Frameworks */ = {
			isa = PBXFrameworksBuildPhase;
			buildActionMask = 2147483647;
			files = (
			);
			runOnlyForDeploymentPostprocessing = 0;
		};
		AA61AE20277EBE050041A015 /* Frameworks */ = {
			isa = PBXFrameworksBuildPhase;
			buildActionMask = 2147483647;
			files = (
			);
			runOnlyForDeploymentPostprocessing = 0;
		};
/* End PBXFrameworksBuildPhase section */

/* Begin PBXGroup section */
		AA61ADFE277EBE040041A015 = {
			isa = PBXGroup;
			children = (
				AA61AE09277EBE040041A015 /* slots-game-swiftui */,
				AA61AE1B277EBE050041A015 /* slots-game-swiftuiTests */,
				AA61AE26277EBE050041A015 /* slots-game-swiftuiUITests */,
				AA61AE08277EBE040041A015 /* Products */,
			);
			sourceTree = "<group>";
		};
		AA61AE08277EBE040041A015 /* Products */ = {
			isa = PBXGroup;
			children = (
				AA61AE07277EBE040041A015 /* slots-game-swiftui.app */,
				AA61AE18277EBE050041A015 /* slots-game-swiftuiTests.xctest */,
				AA61AE23277EBE050041A015 /* slots-game-swiftuiUITests.xctest */,
			);
			name = Products;
			sourceTree = "<group>";
		};
		AA61AE09277EBE040041A015 /* slots-game-swiftui */ = {
			isa = PBXGroup;
			children = (
				AA61AE0A277EBE040041A015 /* slots_game_swiftuiApp.swift */,
				AA61AE0C277EBE040041A015 /* ContentView.swift */,
				AA61AE0E277EBE050041A015 /* Assets.xcassets */,
				AA61AE13277EBE050041A015 /* Info.plist */,
				AA61AE10277EBE050041A015 /* Preview Content */,
			);
			path = "slots-game-swiftui";
			sourceTree = "<group>";
		};
		AA61AE10277EBE050041A015 /* Preview Content */ = {
			isa = PBXGroup;
			children = (
				AA61AE11277EBE050041A015 /* Preview Assets.xcassets */,
			);
			path = "Preview Content";
			sourceTree = "<group>";
		};
		AA61AE1B277EBE050041A015 /* slots-game-swiftuiTests */ = {
			isa = PBXGroup;
			children = (
				AA61AE1C277EBE050041A015 /* slots_game_swiftuiTests.swift */,
				AA61AE1E277EBE050041A015 /* Info.plist */,
			);
			path = "slots-game-swiftuiTests";
			sourceTree = "<group>";
		};
		AA61AE26277EBE050041A015 /* slots-game-swiftuiUITests */ = {
			isa = PBXGroup;
			children = (
				AA61AE27277EBE050041A015 /* slots_game_swiftuiUITests.swift */,
				AA61AE29277EBE050041A015 /* Info.plist */,
			);
			path = "slots-game-swiftuiUITests";
			sourceTree = "<group>";
		};
/* End PBXGroup section */

/* Begin PBXNativeTarget section */
		AA61AE06277EBE040041A015 /* slots-game-swiftui */ = {
			isa = PBXNativeTarget;
			buildConfigurationList = AA61AE2C277EBE050041A015 /* Build configuration list for PBXNativeTarget "slots-game-swiftui" */;
			buildPhases = (
				AA61AE03277EBE040041A015 /* Sources */,
				AA61AE04277EBE040041A015 /* Frameworks */,
				AA61AE05277EBE040041A015 /* Resources */,
			);
			buildRules = (
			);
			dependencies = (
			);
			name = "slots-game-swiftui";
			productName = "slots-game-swiftui";
			productReference = AA61AE07277EBE040041A015 /* slots-game-swiftui.app */;
			productType = "com.apple.product-type.application";
		};
		AA61AE17277EBE050041A015 /* slots-game-swiftuiTests */ = {
			isa = PBXNativeTarget;
			buildConfigurationList = AA61AE2F277EBE050041A015 /* Build configuration list for PBXNativeTarget "slots-game-swiftuiTests" */;
			buildPhases = (
				AA61AE14277EBE050041A015 /* Sources */,
				AA61AE15277EBE050041A015 /* Frameworks */,
				AA61AE16277EBE050041A015 /* Resources */,
			);
			buildRules = (
			);
			dependencies = (
				AA61AE1A277EBE050041A015 /* PBXTargetDependency */,
			);
			name = "slots-game-swiftuiTests";
			productName = "slots-game-swiftuiTests";
			productReference = AA61AE18277EBE050041A015 /* slots-game-swiftuiTests.xctest */;
			productType = "com.apple.product-type.bundle.unit-test";
		};
		AA61AE22277EBE050041A015 /* slots-game-swiftuiUITests */ = {
			isa = PBXNativeTarget;
			buildConfigurationList = AA61AE32277EBE050041A015 /* Build configuration list for PBXNativeTarget "slots-game-swiftuiUITests" */;
			buildPhases = (
				AA61AE1F277EBE050041A015 /* Sources */,
				AA61AE20277EBE050041A015 /* Frameworks */,
				AA61AE21277EBE050041A015 /* Resources */,
			);
			buildRules = (
			);
			dependencies = (
				AA61AE25277EBE050041A015 /* PBXTargetDependency */,
			);
			name = "slots-game-swiftuiUITests";
			productName = "slots-game-swiftuiUITests";
			productReference = AA61AE23277EBE050041A015 /* slots-game-swiftuiUITests.xctest */;
			productType = "com.apple.product-type.bundle.ui-testing";
		};
/* End PBXNativeTarget section */

/* Begin PBXProject section */
		AA61ADFF277EBE040041A015 /* Project object */ = {
			isa = PBXProject;
			attributes = {
				LastSwiftUpdateCheck = 1240;
				LastUpgradeCheck = 1240;
				TargetAttributes = {
					AA61AE06277EBE040041A015 = {
						CreatedOnToolsVersion = 12.4;
					};
					AA61AE17277EBE050041A015 = {
						CreatedOnToolsVersion = 12.4;
						TestTargetID = AA61AE06277EBE040041A015;
					};
					AA61AE22277EBE050041A015 = {
						CreatedOnToolsVersion = 12.4;
						TestTargetID = AA61AE06277EBE040041A015;
					};
				};
			};
			buildConfigurationList = AA61AE02277EBE040041A015 /* Build configuration list for PBXProject "slots-game-swiftui" */;
			compatibilityVersion = "Xcode 9.3";
			developmentRegion = en;
			hasScannedForEncodings = 0;
			knownRegions = (
				en,
				Base,
			);
			mainGroup = AA61ADFE277EBE040041A015;
			productRefGroup = AA61AE08277EBE040041A015 /* Products */;
			projectDirPath = "";
			projectRoot = "";
			targets = (
				AA61AE06277EBE040041A015 /* slots-game-swiftui */,
				AA61AE17277EBE050041A015 /* slots-game-swiftuiTests */,
				AA61AE22277EBE050041A015 /* slots-game-swiftuiUITests */,
			);
		};
/* End PBXProject section */

/* Begin PBXResourcesBuildPhase section */
		AA61AE05277EBE040041A015 /* Resources */ = {
			isa = PBXResourcesBuildPhase;
			buildActionMask = 2147483647;
			files = (
				AA61AE12277EBE050041A015 /* Preview Assets.xcassets in Resources */,
				AA61AE0F277EBE050041A015 /* Assets.xcassets in Resources */,
			);
			runOnlyForDeploymentPostprocessing = 0;
		};
		AA61AE16277EBE050041A015 /* Resources */ = {
			isa = PBXResourcesBuildPhase;
			buildActionMask = 2147483647;
			files = (
			);
			runOnlyForDeploymentPostprocessing = 0;
		};
		AA61AE21277EBE050041A015 /* Resources */ = {
			isa = PBXResourcesBuildPhase;
			buildActionMask = 2147483647;
			files = (
			);
			runOnlyForDeploymentPostprocessing = 0;
		};
/* End PBXResourcesBuildPhase section */

/* Begin PBXSourcesBuildPhase section */
		AA61AE03277EBE040041A015 /* Sources */ = {
			isa = PBXSourcesBuildPhase;
			buildActionMask = 2147483647;
			files = (
				AA61AE0D277EBE040041A015 /* ContentView.swift in Sources */,
				AA61AE0B277EBE040041A015 /* slots_game_swiftuiApp.swift in Sources */,
			);
			runOnlyForDeploymentPostprocessing = 0;
		};
		AA61AE14277EBE050041A015 /* Sources */ = {
			isa = PBXSourcesBuildPhase;
			buildActionMask = 2147483647;
			files = (
				AA61AE1D277EBE050041A015 /* slots_game_swiftuiTests.swift in Sources */,
			);
			runOnlyForDeploymentPostprocessing = 0;
		};
		AA61AE1F277EBE050041A015 /* Sources */ = {
			isa = PBXSourcesBuildPhase;
			buildActionMask = 2147483647;
			files = (
				AA61AE28277EBE050041A015 /* slots_game_swiftuiUITests.swift in Sources */,
			);
			runOnlyForDeploymentPostprocessing = 0;
		};
/* End PBXSourcesBuildPhase section */

/* Begin PBXTargetDependency section */
		AA61AE1A277EBE050041A015 /* PBXTargetDependency */ = {
			isa = PBXTargetDependency;
			target = AA61AE06277EBE040041A015 /* slots-game-swiftui */;
			targetProxy = AA61AE19277EBE050041A015 /* PBXContainerItemProxy */;
		};
		AA61AE25277EBE050041A015 /* PBXTargetDependency */ = {
			isa = PBXTargetDependency;
			target = AA61AE06277EBE040041A015 /* slots-game-swiftui */;
			targetProxy = AA61AE24277EBE050041A015 /* PBXContainerItemProxy */;
		};
/* End PBXTargetDependency section */

/* Begin XCBuildConfiguration section */
		AA61AE2A277EBE050041A015 /* Debug */ = {
			isa = XCBuildConfiguration;
			buildSettings = {
				ALWAYS_SEARCH_USER_PATHS = NO;
				CLANG_ANALYZER_NONNULL = YES;
				CLANG_ANALYZER_NUMBER_OBJECT_CONVERSION = YES_AGGRESSIVE;
				CLANG_CXX_LANGUAGE_STANDARD = "gnu++14";
				CLANG_CXX_LIBRARY = "libc++";
				CLANG_ENABLE_MODULES = YES;
				CLANG_ENABLE_OBJC_ARC = YES;
				CLANG_ENABLE_OBJC_WEAK = YES;
				CLANG_WARN_BLOCK_CAPTURE_AUTORELEASING = YES;
				CLANG_WARN_BOOL_CONVERSION = YES;
				CLANG_WARN_COMMA = YES;
				CLANG_WARN_CONSTANT_CONVERSION = YES;
				CLANG_WARN_DEPRECATED_OBJC_IMPLEMENTATIONS = YES;
				CLANG_WARN_DIRECT_OBJC_ISA_USAGE = YES_ERROR;
				CLANG_WARN_DOCUMENTATION_COMMENTS = YES;
				CLANG_WARN_EMPTY_BODY = YES;
				CLANG_WARN_ENUM_CONVERSION = YES;
				CLANG_WARN_INFINITE_RECURSION = YES;
				CLANG_WARN_INT_CONVERSION = YES;
				CLANG_WARN_NON_LITERAL_NULL_CONVERSION = YES;
				CLANG_WARN_OBJC_IMPLICIT_RETAIN_SELF = YES;
				CLANG_WARN_OBJC_LITERAL_CONVERSION = YES;
				CLANG_WARN_OBJC_ROOT_CLASS = YES_ERROR;
				CLANG_WARN_QUOTED_INCLUDE_IN_FRAMEWORK_HEADER = YES;
				CLANG_WARN_RANGE_LOOP_ANALYSIS = YES;
				CLANG_WARN_STRICT_PROTOTYPES = YES;
				CLANG_WARN_SUSPICIOUS_MOVE = YES;
				CLANG_WARN_UNGUARDED_AVAILABILITY = YES_AGGRESSIVE;
				CLANG_WARN_UNREACHABLE_CODE = YES;
				CLANG_WARN__DUPLICATE_METHOD_MATCH = YES;
				COPY_PHASE_STRIP = NO;
				DEBUG_INFORMATION_FORMAT = dwarf;
				ENABLE_STRICT_OBJC_MSGSEND = YES;
				ENABLE_TESTABILITY = YES;
				GCC_C_LANGUAGE_STANDARD = gnu11;
				GCC_DYNAMIC_NO_PIC = NO;
				GCC_NO_COMMON_BLOCKS = YES;
				GCC_OPTIMIZATION_LEVEL = 0;
				GCC_PREPROCESSOR_DEFINITIONS = (
					"DEBUG=1",
					"$(inherited)",
				);
				GCC_WARN_64_TO_32_BIT_CONVERSION = YES;
				GCC_WARN_ABOUT_RETURN_TYPE = YES_ERROR;
				GCC_WARN_UNDECLARED_SELECTOR = YES;
				GCC_WARN_UNINITIALIZED_AUTOS = YES_AGGRESSIVE;
				GCC_WARN_UNUSED_FUNCTION = YES;
				GCC_WARN_UNUSED_VARIABLE = YES;
				IPHONEOS_DEPLOYMENT_TARGET = 14.4;
				MTL_ENABLE_DEBUG_INFO = INCLUDE_SOURCE;
				MTL_FAST_MATH = YES;
				ONLY_ACTIVE_ARCH = YES;
				SDKROOT = iphoneos;
				SWIFT_ACTIVE_COMPILATION_CONDITIONS = DEBUG;
				SWIFT_OPTIMIZATION_LEVEL = "-Onone";
			};
			name = Debug;
		};
		AA61AE2B277EBE050041A015 /* Release */ = {
			isa = XCBuildConfiguration;
			buildSettings = {
				ALWAYS_SEARCH_USER_PATHS = NO;
				CLANG_ANALYZER_NONNULL = YES;
				CLANG_ANALYZER_NUMBER_OBJECT_CONVERSION = YES_AGGRESSIVE;
				CLANG_CXX_LANGUAGE_STANDARD = "gnu++14";
				CLANG_CXX_LIBRARY = "libc++";
				CLANG_ENABLE_MODULES = YES;
				CLANG_ENABLE_OBJC_ARC = YES;
				CLANG_ENABLE_OBJC_WEAK = YES;
				CLANG_WARN_BLOCK_CAPTURE_AUTORELEASING = YES;
				CLANG_WARN_BOOL_CONVERSION = YES;
				CLANG_WARN_COMMA = YES;
				CLANG_WARN_CONSTANT_CONVERSION = YES;
				CLANG_WARN_DEPRECATED_OBJC_IMPLEMENTATIONS = YES;
				CLANG_WARN_DIRECT_OBJC_ISA_USAGE = YES_ERROR;
				CLANG_WARN_DOCUMENTATION_COMMENTS = YES;
				CLANG_WARN_EMPTY_BODY = YES;
				CLANG_WARN_ENUM_CONVERSION = YES;
				CLANG_WARN_INFINITE_RECURSION = YES;
				CLANG_WARN_INT_CONVERSION = YES;
				CLANG_WARN_NON_LITERAL_NULL_CONVERSION = YES;
				CLANG_WARN_OBJC_IMPLICIT_RETAIN_SELF = YES;
				CLANG_WARN_OBJC_LITERAL_CONVERSION = YES;
				CLANG_WARN_OBJC_ROOT_CLASS = YES_ERROR;
				CLANG_WARN_QUOTED_INCLUDE_IN_FRAMEWORK_HEADER = YES;
				CLANG_WARN_RANGE_LOOP_ANALYSIS = YES;
				CLANG_WARN_STRICT_PROTOTYPES = YES;
				CLANG_WARN_SUSPICIOUS_MOVE = YES;
				CLANG_WARN_UNGUARDED_AVAILABILITY = YES_AGGRESSIVE;
				CLANG_WARN_UNREACHABLE_CODE = YES;
				CLANG_WARN__DUPLICATE_METHOD_MATCH = YES;
				COPY_PHASE_STRIP = NO;
				DEBUG_INFORMATION_FORMAT = "dwarf-with-dsym";
				ENABLE_NS_ASSERTIONS = NO;
				ENABLE_STRICT_OBJC_MSGSEND = YES;
				GCC_C_LANGUAGE_STANDARD = gnu11;
				GCC_NO_COMMON_BLOCKS = YES;
				GCC_WARN_64_TO_32_BIT_CONVERSION = YES;
				GCC_WARN_ABOUT_RETURN_TYPE = YES_ERROR;
				GCC_WARN_UNDECLARED_SELECTOR = YES;
				GCC_WARN_UNINITIALIZED_AUTOS = YES_AGGRESSIVE;
				GCC_WARN_UNUSED_FUNCTION = YES;
				GCC_WARN_UNUSED_VARIABLE = YES;
				IPHONEOS_DEPLOYMENT_TARGET = 14.4;
				MTL_ENABLE_DEBUG_INFO = NO;
				MTL_FAST_MATH = YES;
				SDKROOT = iphoneos;
				SWIFT_COMPILATION_MODE = wholemodule;
				SWIFT_OPTIMIZATION_LEVEL = "-O";
				VALIDATE_PRODUCT = YES;
			};
			name = Release;
		};
		AA61AE2D277EBE050041A015 /* Debug */ = {
			isa = XCBuildConfiguration;
			buildSettings = {
				ASSETCATALOG_COMPILER_APPICON_NAME = AppIcon;
				ASSETCATALOG_COMPILER_GLOBAL_ACCENT_COLOR_NAME = AccentColor;
				CODE_SIGN_STYLE = Automatic;
				DEVELOPMENT_ASSET_PATHS = "\"slots-game-swiftui/Preview Content\"";
				DEVELOPMENT_TEAM = 5K2AYA6596;
				ENABLE_PREVIEWS = YES;
				INFOPLIST_FILE = "slots-game-swiftui/Info.plist";
				IPHONEOS_DEPLOYMENT_TARGET = 14.0;
				LD_RUNPATH_SEARCH_PATHS = (
					"$(inherited)",
					"@executable_path/Frameworks",
				);
				PRODUCT_BUNDLE_IDENTIFIER = "Ishaan-Sehgal.slots-game-swiftui";
				PRODUCT_NAME = "$(TARGET_NAME)";
				SWIFT_VERSION = 5.0;
				TARGETED_DEVICE_FAMILY = "1,2";
			};
			name = Debug;
		};
		AA61AE2E277EBE050041A015 /* Release */ = {
			isa = XCBuildConfiguration;
			buildSettings = {
				ASSETCATALOG_COMPILER_APPICON_NAME = AppIcon;
				ASSETCATALOG_COMPILER_GLOBAL_ACCENT_COLOR_NAME = AccentColor;
				CODE_SIGN_STYLE = Automatic;
				DEVELOPMENT_ASSET_PATHS = "\"slots-game-swiftui/Preview Content\"";
				DEVELOPMENT_TEAM = 5K2AYA6596;
				ENABLE_PREVIEWS = YES;
				INFOPLIST_FILE = "slots-game-swiftui/Info.plist";
				IPHONEOS_DEPLOYMENT_TARGET = 14.0;
				LD_RUNPATH_SEARCH_PATHS = (
					"$(inherited)",
					"@executable_path/Frameworks",
				);
				PRODUCT_BUNDLE_IDENTIFIER = "Ishaan-Sehgal.slots-game-swiftui";
				PRODUCT_NAME = "$(TARGET_NAME)";
				SWIFT_VERSION = 5.0;
				TARGETED_DEVICE_FAMILY = "1,2";
			};
			name = Release;
		};
		AA61AE30277EBE050041A015 /* Debug */ = {
			isa = XCBuildConfiguration;
			buildSettings = {
				ALWAYS_EMBED_SWIFT_STANDARD_LIBRARIES = YES;
				BUNDLE_LOADER = "$(TEST_HOST)";
				CODE_SIGN_STYLE = Automatic;
				DEVELOPMENT_TEAM = 5K2AYA6596;
				INFOPLIST_FILE = "slots-game-swiftuiTests/Info.plist";
				IPHONEOS_DEPLOYMENT_TARGET = 14.0;
				LD_RUNPATH_SEARCH_PATHS = (
					"$(inherited)",
					"@executable_path/Frameworks",
					"@loader_path/Frameworks",
				);
				PRODUCT_BUNDLE_IDENTIFIER = "Ishaan-Sehgal.slots-game-swiftuiTests";
				PRODUCT_NAME = "$(TARGET_NAME)";
				SWIFT_VERSION = 5.0;
				TARGETED_DEVICE_FAMILY = "1,2";
				TEST_HOST = "$(BUILT_PRODUCTS_DIR)/slots-game-swiftui.app/slots-game-swiftui";
			};
			name = Debug;
		};
		AA61AE31277EBE050041A015 /* Release */ = {
			isa = XCBuildConfiguration;
			buildSettings = {
				ALWAYS_EMBED_SWIFT_STANDARD_LIBRARIES = YES;
				BUNDLE_LOADER = "$(TEST_HOST)";
				CODE_SIGN_STYLE = Automatic;
				DEVELOPMENT_TEAM = 5K2AYA6596;
				INFOPLIST_FILE = "slots-game-swiftuiTests/Info.plist";
				IPHONEOS_DEPLOYMENT_TARGET = 14.0;
				LD_RUNPATH_SEARCH_PATHS = (
					"$(inherited)",
					"@executable_path/Frameworks",
					"@loader_path/Frameworks",
				);
				PRODUCT_BUNDLE_IDENTIFIER = "Ishaan-Sehgal.slots-game-swiftuiTests";
				PRODUCT_NAME = "$(TARGET_NAME)";
				SWIFT_VERSION = 5.0;
				TARGETED_DEVICE_FAMILY = "1,2";
				TEST_HOST = "$(BUILT_PRODUCTS_DIR)/slots-game-swiftui.app/slots-game-swiftui";
			};
			name = Release;
		};
		AA61AE33277EBE050041A015 /* Debug */ = {
			isa = XCBuildConfiguration;
			buildSettings = {
				ALWAYS_EMBED_SWIFT_STANDARD_LIBRARIES = YES;
				CODE_SIGN_STYLE = Automatic;
				DEVELOPMENT_TEAM = 5K2AYA6596;
				INFOPLIST_FILE = "slots-game-swiftuiUITests/Info.plist";
				LD_RUNPATH_SEARCH_PATHS = (
					"$(inherited)",
					"@executable_path/Frameworks",
					"@loader_path/Frameworks",
				);
				PRODUCT_BUNDLE_IDENTIFIER = "Ishaan-Sehgal.slots-game-swiftuiUITests";
				PRODUCT_NAME = "$(TARGET_NAME)";
				SWIFT_VERSION = 5.0;
				TARGETED_DEVICE_FAMILY = "1,2";
				TEST_TARGET_NAME = "slots-game-swiftui";
			};
			name = Debug;
		};
		AA61AE34277EBE050041A015 /* Release */ = {
			isa = XCBuildConfiguration;
			buildSettings = {
				ALWAYS_EMBED_SWIFT_STANDARD_LIBRARIES = YES;
				CODE_SIGN_STYLE = Automatic;
				DEVELOPMENT_TEAM = 5K2AYA6596;
				INFOPLIST_FILE = "slots-game-swiftuiUITests/Info.plist";
				LD_RUNPATH_SEARCH_PATHS = (
					"$(inherited)",
					"@executable_path/Frameworks",
					"@loader_path/Frameworks",
				);
				PRODUCT_BUNDLE_IDENTIFIER = "Ishaan-Sehgal.slots-game-swiftuiUITests";
				PRODUCT_NAME = "$(TARGET_NAME)";
				SWIFT_VERSION = 5.0;
				TARGETED_DEVICE_FAMILY = "1,2";
				TEST_TARGET_NAME = "slots-game-swiftui";
			};
			name = Release;
		};
/* End XCBuildConfiguration section */

/* Begin XCConfigurationList section */
		AA61AE02277EBE040041A015 /* Build configuration list for PBXProject "slots-game-swiftui" */ = {
			isa = XCConfigurationList;
			buildConfigurations = (
				AA61AE2A277EBE050041A015 /* Debug */,
				AA61AE2B277EBE050041A015 /* Release */,
			);
			defaultConfigurationIsVisible = 0;
			defaultConfigurationName = Release;
		};
		AA61AE2C277EBE050041A015 /* Build configuration list for PBXNativeTarget "slots-game-swiftui" */ = {
			isa = XCConfigurationList;
			buildConfigurations = (
				AA61AE2D277EBE050041A015 /* Debug */,
				AA61AE2E277EBE050041A015 /* Release */,
			);
			defaultConfigurationIsVisible = 0;
			defaultConfigurationName = Release;
		};
		AA61AE2F277EBE050041A015 /* Build configuration list for PBXNativeTarget "slots-game-swiftuiTests" */ = {
			isa = XCConfigurationList;
			buildConfigurations = (
				AA61AE30277EBE050041A015 /* Debug */,
				AA61AE31277EBE050041A015 /* Release */,
			);
			defaultConfigurationIsVisible = 0;
			defaultConfigurationName = Release;
		};
		AA61AE32277EBE050041A015 /* Build configuration list for PBXNativeTarget "slots-game-swiftuiUITests" */ = {
			isa = XCConfigurationList;
			buildConfigurations = (
				AA61AE33277EBE050041A015 /* Debug */,
				AA61AE34277EBE050041A015 /* Release */,
			);
			defaultConfigurationIsVisible = 0;
			defaultConfigurationName = Release;
		};
/* End XCConfigurationList section */
	};
	rootObject = AA61ADFF277EBE040041A015 /* Project object */;
}
